
Microsoft Visual Studio Solution File, Format Version 12.00
# Visual Studio 15
VisualStudioVersion = 15.0.28010.2026
MinimumVisualStudioVersion = 10.0.40219.1
Project("{FAE04EC0-301F-11D3-BF4B-00C04F79EFBC}") = "Server", "Server\Server.csproj", "{952735F4-6B67-4F4D-A07B-2067DCA0BC2E}"
EndProject
Project("{FAE04EC0-301F-11D3-BF4B-00C04F79EFBC}") = "Client", "Client\Client.csproj", "{E2168471-8354-4B44-BD49-21E5957FF92D}"
EndProject
Global
	GlobalSection(SolutionConfigurationPlatforms) = preSolution
		Debug|Any CPU = Debug|Any CPU
		Release|Any CPU = Release|Any CPU
	EndGlobalSection
	GlobalSection(ProjectConfigurationPlatforms) = postSolution
		{952735F4-6B67-4F4D-A07B-2067DCA0BC2E}.Debug|Any CPU.ActiveCfg = Debug|Any CPU
		{952735F4-6B67-4F4D-A07B-2067DCA0BC2E}.Debug|Any CPU.Build.0 = Debug|Any CPU
		{952735F4-6B67-4F4D-A07B-2067DCA0BC2E}.Release|Any CPU.ActiveCfg = Release|Any CPU
		{952735F4-6B67-4F4D-A07B-2067DCA0BC2E}.Release|Any CPU.Build.0 = Release|Any CPU
		{E2168471-8354-4B44-BD49-21E5957FF92D}.Debug|Any CPU.ActiveCfg = Debug|Any CPU
		{E2168471-8354-4B44-BD49-21E5957FF92D}.Debug|Any CPU.Build.0 = Debug|Any CPU
		{E2168471-8354-4B44-BD49-21E5957FF92D}.Release|Any CPU.ActiveCfg = Release|Any CPU
		{E2168471-8354-4B44-BD49-21E5957FF92D}.Release|Any CPU.Build.0 = Release|Any CPU
	EndGlobalSection
	GlobalSection(SolutionProperties) = preSolution
		HideSolutionNode = FALSE
	EndGlobalSection
	GlobalSection(ExtensibilityGlobals) = postSolution
		SolutionGuid = {65BD0018-8ACA-4A30-95FD-A17D8081C35F}
	EndGlobalSection
EndGlobal
